// !$*UTF8*$!
{
	archiveVersion = 1;
	classes = {
	};
	objectVersion = 56;
	objects = {

/* Begin PBXBuildFile section */
		9BF068D02B7E5BC6006989A9 /* SimpleFeedApp.swift in Sources */ = {isa = PBXBuildFile; fileRef = 9BF068CF2B7E5BC6006989A9 /* SimpleFeedApp.swift */; };
		9BF068D22B7E5BC6006989A9 /* ContentView.swift in Sources */ = {isa = PBXBuildFile; fileRef = 9BF068D12B7E5BC6006989A9 /* ContentView.swift */; };
		9BF068D42B7E5BC8006989A9 /* Assets.xcassets in Resources */ = {isa = PBXBuildFile; fileRef = 9BF068D32B7E5BC8006989A9 /* Assets.xcassets */; };
		9BF068D72B7E5BC8006989A9 /* Preview Assets.xcassets in Resources */ = {isa = PBXBuildFile; fileRef = 9BF068D62B7E5BC8006989A9 /* Preview Assets.xcassets */; };
		9BF068ED2B7E600A006989A9 /* URLSessionHTTPClient.swift.swift in Sources */ = {isa = PBXBuildFile; fileRef = 9BF068EA2B7E600A006989A9 /* URLSessionHTTPClient.swift.swift */; };
		9BF068EE2B7E600A006989A9 /* HTTPClient.swift in Sources */ = {isa = PBXBuildFile; fileRef = 9BF068EB2B7E600A006989A9 /* HTTPClient.swift */; };
		9BF068EF2B7E600A006989A9 /* Request.swift in Sources */ = {isa = PBXBuildFile; fileRef = 9BF068EC2B7E600A006989A9 /* Request.swift */; };
		9BF068F52B7E60A5006989A9 /* PostService.swift in Sources */ = {isa = PBXBuildFile; fileRef = 9BF068F32B7E60A5006989A9 /* PostService.swift */; };
		9BF068F62B7E60A5006989A9 /* PostServiceProtocol.swift in Sources */ = {isa = PBXBuildFile; fileRef = 9BF068F42B7E60A5006989A9 /* PostServiceProtocol.swift */; };
		9BF068F92B7E60AD006989A9 /* PostRequest.swift in Sources */ = {isa = PBXBuildFile; fileRef = 9BF068F82B7E60AD006989A9 /* PostRequest.swift */; };
		9BF068FD2B7E60C8006989A9 /* Comment.swift in Sources */ = {isa = PBXBuildFile; fileRef = 9BF068FB2B7E60C8006989A9 /* Comment.swift */; };
		9BF068FE2B7E60C8006989A9 /* Post.swift in Sources */ = {isa = PBXBuildFile; fileRef = 9BF068FC2B7E60C8006989A9 /* Post.swift */; };
		9BF069022B7E60D4006989A9 /* GetPostsUseCase.swift in Sources */ = {isa = PBXBuildFile; fileRef = 9BF069002B7E60D4006989A9 /* GetPostsUseCase.swift */; };
		9BF069032B7E60D4006989A9 /* GetPostUseCase.swift in Sources */ = {isa = PBXBuildFile; fileRef = 9BF069012B7E60D4006989A9 /* GetPostUseCase.swift */; };
		9BF069052B7E61F6006989A9 /* GetPostCommentsUseCase.swift in Sources */ = {isa = PBXBuildFile; fileRef = 9BF069042B7E61F6006989A9 /* GetPostCommentsUseCase.swift */; };
/* End PBXBuildFile section */

/* Begin PBXFileReference section */
		9BF068CC2B7E5BC6006989A9 /* SimpleFeed.app */ = {isa = PBXFileReference; explicitFileType = wrapper.application; includeInIndex = 0; path = SimpleFeed.app; sourceTree = BUILT_PRODUCTS_DIR; };
		9BF068CF2B7E5BC6006989A9 /* SimpleFeedApp.swift */ = {isa = PBXFileReference; lastKnownFileType = sourcecode.swift; path = SimpleFeedApp.swift; sourceTree = "<group>"; };
		9BF068D12B7E5BC6006989A9 /* ContentView.swift */ = {isa = PBXFileReference; lastKnownFileType = sourcecode.swift; path = ContentView.swift; sourceTree = "<group>"; };
		9BF068D32B7E5BC8006989A9 /* Assets.xcassets */ = {isa = PBXFileReference; lastKnownFileType = folder.assetcatalog; path = Assets.xcassets; sourceTree = "<group>"; };
		9BF068D62B7E5BC8006989A9 /* Preview Assets.xcassets */ = {isa = PBXFileReference; lastKnownFileType = folder.assetcatalog; path = "Preview Assets.xcassets"; sourceTree = "<group>"; };
		9BF068EA2B7E600A006989A9 /* URLSessionHTTPClient.swift.swift */ = {isa = PBXFileReference; fileEncoding = 4; lastKnownFileType = sourcecode.swift; path = URLSessionHTTPClient.swift.swift; sourceTree = "<group>"; };
		9BF068EB2B7E600A006989A9 /* HTTPClient.swift */ = {isa = PBXFileReference; fileEncoding = 4; lastKnownFileType = sourcecode.swift; path = HTTPClient.swift; sourceTree = "<group>"; };
		9BF068EC2B7E600A006989A9 /* Request.swift */ = {isa = PBXFileReference; fileEncoding = 4; lastKnownFileType = sourcecode.swift; path = Request.swift; sourceTree = "<group>"; };
		9BF068F32B7E60A5006989A9 /* PostService.swift */ = {isa = PBXFileReference; fileEncoding = 4; lastKnownFileType = sourcecode.swift; path = PostService.swift; sourceTree = "<group>"; };
		9BF068F42B7E60A5006989A9 /* PostServiceProtocol.swift */ = {isa = PBXFileReference; fileEncoding = 4; lastKnownFileType = sourcecode.swift; path = PostServiceProtocol.swift; sourceTree = "<group>"; };
		9BF068F82B7E60AD006989A9 /* PostRequest.swift */ = {isa = PBXFileReference; fileEncoding = 4; lastKnownFileType = sourcecode.swift; path = PostRequest.swift; sourceTree = "<group>"; };
		9BF068FB2B7E60C8006989A9 /* Comment.swift */ = {isa = PBXFileReference; fileEncoding = 4; lastKnownFileType = sourcecode.swift; path = Comment.swift; sourceTree = "<group>"; };
		9BF068FC2B7E60C8006989A9 /* Post.swift */ = {isa = PBXFileReference; fileEncoding = 4; lastKnownFileType = sourcecode.swift; path = Post.swift; sourceTree = "<group>"; };
		9BF069002B7E60D4006989A9 /* GetPostsUseCase.swift */ = {isa = PBXFileReference; fileEncoding = 4; lastKnownFileType = sourcecode.swift; path = GetPostsUseCase.swift; sourceTree = "<group>"; };
		9BF069012B7E60D4006989A9 /* GetPostUseCase.swift */ = {isa = PBXFileReference; fileEncoding = 4; lastKnownFileType = sourcecode.swift; path = GetPostUseCase.swift; sourceTree = "<group>"; };
		9BF069042B7E61F6006989A9 /* GetPostCommentsUseCase.swift */ = {isa = PBXFileReference; lastKnownFileType = sourcecode.swift; path = GetPostCommentsUseCase.swift; sourceTree = "<group>"; };
/* End PBXFileReference section */

/* Begin PBXFrameworksBuildPhase section */
		9BF068C92B7E5BC6006989A9 /* Frameworks */ = {
			isa = PBXFrameworksBuildPhase;
			buildActionMask = 2147483647;
			files = (
			);
			runOnlyForDeploymentPostprocessing = 0;
		};
/* End PBXFrameworksBuildPhase section */

/* Begin PBXGroup section */
		9BF068C32B7E5BC6006989A9 = {
			isa = PBXGroup;
			children = (
				9BF068CE2B7E5BC6006989A9 /* SimpleFeed */,
				9BF068CD2B7E5BC6006989A9 /* Products */,
			);
			sourceTree = "<group>";
		};
		9BF068CD2B7E5BC6006989A9 /* Products */ = {
			isa = PBXGroup;
			children = (
				9BF068CC2B7E5BC6006989A9 /* SimpleFeed.app */,
			);
			name = Products;
			sourceTree = "<group>";
		};
		9BF068CE2B7E5BC6006989A9 /* SimpleFeed */ = {
			isa = PBXGroup;
			children = (
				9BF068E92B7E600A006989A9 /* Networking */,
				9BF068E52B7E5F7A006989A9 /* App */,
				9BF068E62B7E5F83006989A9 /* UI */,
				9BF068E42B7E5F57006989A9 /* Helpers */,
			);
			path = SimpleFeed;
			sourceTree = "<group>";
		};
		9BF068D52B7E5BC8006989A9 /* Preview Content */ = {
			isa = PBXGroup;
			children = (
				9BF068D62B7E5BC8006989A9 /* Preview Assets.xcassets */,
			);
			path = "Preview Content";
			sourceTree = "<group>";
		};
		9BF068E42B7E5F57006989A9 /* Helpers */ = {
			isa = PBXGroup;
			children = (
				9BF068D52B7E5BC8006989A9 /* Preview Content */,
				9BF068D32B7E5BC8006989A9 /* Assets.xcassets */,
			);
			path = Helpers;
			sourceTree = "<group>";
		};
		9BF068E52B7E5F7A006989A9 /* App */ = {
			isa = PBXGroup;
			children = (
				9BF068CF2B7E5BC6006989A9 /* SimpleFeedApp.swift */,
			);
			path = App;
			sourceTree = "<group>";
		};
		9BF068E62B7E5F83006989A9 /* UI */ = {
			isa = PBXGroup;
			children = (
				9BF068D12B7E5BC6006989A9 /* ContentView.swift */,
			);
			path = UI;
			sourceTree = "<group>";
		};
		9BF068E92B7E600A006989A9 /* Networking */ = {
			isa = PBXGroup;
			children = (
				9BF068F12B7E6086006989A9 /* Domain */,
				9BF068F02B7E607A006989A9 /* Service */,
				9BF068EA2B7E600A006989A9 /* URLSessionHTTPClient.swift.swift */,
				9BF068EB2B7E600A006989A9 /* HTTPClient.swift */,
				9BF068EC2B7E600A006989A9 /* Request.swift */,
			);
			path = Networking;
			sourceTree = "<group>";
		};
		9BF068F02B7E607A006989A9 /* Service */ = {
			isa = PBXGroup;
			children = (
				9BF068F72B7E60AD006989A9 /* Requests */,
				9BF068F22B7E60A5006989A9 /* Services */,
			);
			path = Service;
			sourceTree = "<group>";
		};
		9BF068F12B7E6086006989A9 /* Domain */ = {
			isa = PBXGroup;
			children = (
				9BF068FF2B7E60D4006989A9 /* UseCase */,
				9BF068FA2B7E60C8006989A9 /* Models */,
			);
			path = Domain;
			sourceTree = "<group>";
		};
		9BF068F22B7E60A5006989A9 /* Services */ = {
			isa = PBXGroup;
			children = (
				9BF068F32B7E60A5006989A9 /* PostService.swift */,
				9BF068F42B7E60A5006989A9 /* PostServiceProtocol.swift */,
			);
			path = Services;
			sourceTree = "<group>";
		};
		9BF068F72B7E60AD006989A9 /* Requests */ = {
			isa = PBXGroup;
			children = (
				9BF068F82B7E60AD006989A9 /* PostRequest.swift */,
			);
			path = Requests;
			sourceTree = "<group>";
		};
		9BF068FA2B7E60C8006989A9 /* Models */ = {
			isa = PBXGroup;
			children = (
				9BF068FB2B7E60C8006989A9 /* Comment.swift */,
				9BF068FC2B7E60C8006989A9 /* Post.swift */,
			);
			path = Models;
			sourceTree = "<group>";
		};
		9BF068FF2B7E60D4006989A9 /* UseCase */ = {
			isa = PBXGroup;
			children = (
				9BF069002B7E60D4006989A9 /* GetPostsUseCase.swift */,
				9BF069012B7E60D4006989A9 /* GetPostUseCase.swift */,
				9BF069042B7E61F6006989A9 /* GetPostCommentsUseCase.swift */,
			);
			path = UseCase;
			sourceTree = "<group>";
		};
/* End PBXGroup section */

/* Begin PBXNativeTarget section */
		9BF068CB2B7E5BC6006989A9 /* SimpleFeed */ = {
			isa = PBXNativeTarget;
			buildConfigurationList = 9BF068DA2B7E5BC8006989A9 /* Build configuration list for PBXNativeTarget "SimpleFeed" */;
			buildPhases = (
				9BF068C82B7E5BC6006989A9 /* Sources */,
				9BF068C92B7E5BC6006989A9 /* Frameworks */,
				9BF068CA2B7E5BC6006989A9 /* Resources */,
			);
			buildRules = (
			);
			dependencies = (
			);
			name = SimpleFeed;
			productName = SimpleFeed;
			productReference = 9BF068CC2B7E5BC6006989A9 /* SimpleFeed.app */;
			productType = "com.apple.product-type.application";
		};
/* End PBXNativeTarget section */

/* Begin PBXProject section */
		9BF068C42B7E5BC6006989A9 /* Project object */ = {
			isa = PBXProject;
			attributes = {
				BuildIndependentTargetsInParallel = 1;
				LastSwiftUpdateCheck = 1500;
				LastUpgradeCheck = 1500;
				TargetAttributes = {
					9BF068CB2B7E5BC6006989A9 = {
						CreatedOnToolsVersion = 15.0.1;
					};
				};
			};
			buildConfigurationList = 9BF068C72B7E5BC6006989A9 /* Build configuration list for PBXProject "SimpleFeed" */;
			compatibilityVersion = "Xcode 14.0";
			developmentRegion = en;
			hasScannedForEncodings = 0;
			knownRegions = (
				en,
				Base,
			);
			mainGroup = 9BF068C32B7E5BC6006989A9;
			productRefGroup = 9BF068CD2B7E5BC6006989A9 /* Products */;
			projectDirPath = "";
			projectRoot = "";
			targets = (
				9BF068CB2B7E5BC6006989A9 /* SimpleFeed */,
			);
		};
/* End PBXProject section */

/* Begin PBXResourcesBuildPhase section */
		9BF068CA2B7E5BC6006989A9 /* Resources */ = {
			isa = PBXResourcesBuildPhase;
			buildActionMask = 2147483647;
			files = (
				9BF068D72B7E5BC8006989A9 /* Preview Assets.xcassets in Resources */,
				9BF068D42B7E5BC8006989A9 /* Assets.xcassets in Resources */,
			);
			runOnlyForDeploymentPostprocessing = 0;
		};
/* End PBXResourcesBuildPhase section */

/* Begin PBXSourcesBuildPhase section */
		9BF068C82B7E5BC6006989A9 /* Sources */ = {
			isa = PBXSourcesBuildPhase;
			buildActionMask = 2147483647;
			files = (
				9BF068ED2B7E600A006989A9 /* URLSessionHTTPClient.swift.swift in Sources */,
				9BF068F52B7E60A5006989A9 /* PostService.swift in Sources */,
				9BF069032B7E60D4006989A9 /* GetPostUseCase.swift in Sources */,
				9BF068D22B7E5BC6006989A9 /* ContentView.swift in Sources */,
				9BF068F92B7E60AD006989A9 /* PostRequest.swift in Sources */,
				9BF069052B7E61F6006989A9 /* GetPostCommentsUseCase.swift in Sources */,
				9BF068EF2B7E600A006989A9 /* Request.swift in Sources */,
				9BF068F62B7E60A5006989A9 /* PostServiceProtocol.swift in Sources */,
				9BF068EE2B7E600A006989A9 /* HTTPClient.swift in Sources */,
				9BF069022B7E60D4006989A9 /* GetPostsUseCase.swift in Sources */,
				9BF068FD2B7E60C8006989A9 /* Comment.swift in Sources */,
				9BF068D02B7E5BC6006989A9 /* SimpleFeedApp.swift in Sources */,
				9BF068FE2B7E60C8006989A9 /* Post.swift in Sources */,
			);
			runOnlyForDeploymentPostprocessing = 0;
		};
/* End PBXSourcesBuildPhase section */

/* Begin XCBuildConfiguration section */
		9BF068D82B7E5BC8006989A9 /* Debug */ = {
			isa = XCBuildConfiguration;
			buildSettings = {
				ALWAYS_SEARCH_USER_PATHS = NO;
				ASSETCATALOG_COMPILER_GENERATE_SWIFT_ASSET_SYMBOL_EXTENSIONS = YES;
				CLANG_ANALYZER_NONNULL = YES;
				CLANG_ANALYZER_NUMBER_OBJECT_CONVERSION = YES_AGGRESSIVE;
				CLANG_CXX_LANGUAGE_STANDARD = "gnu++20";
				CLANG_ENABLE_MODULES = YES;
				CLANG_ENABLE_OBJC_ARC = YES;
				CLANG_ENABLE_OBJC_WEAK = YES;
				CLANG_WARN_BLOCK_CAPTURE_AUTORELEASING = YES;
				CLANG_WARN_BOOL_CONVERSION = YES;
				CLANG_WARN_COMMA = YES;
				CLANG_WARN_CONSTANT_CONVERSION = YES;
				CLANG_WARN_DEPRECATED_OBJC_IMPLEMENTATIONS = YES;
				CLANG_WARN_DIRECT_OBJC_ISA_USAGE = YES_ERROR;
				CLANG_WARN_DOCUMENTATION_COMMENTS = YES;
				CLANG_WARN_EMPTY_BODY = YES;
				CLANG_WARN_ENUM_CONVERSION = YES;
				CLANG_WARN_INFINITE_RECURSION = YES;
				CLANG_WARN_INT_CONVERSION = YES;
				CLANG_WARN_NON_LITERAL_NULL_CONVERSION = YES;
				CLANG_WARN_OBJC_IMPLICIT_RETAIN_SELF = YES;
				CLANG_WARN_OBJC_LITERAL_CONVERSION = YES;
				CLANG_WARN_OBJC_ROOT_CLASS = YES_ERROR;
				CLANG_WARN_QUOTED_INCLUDE_IN_FRAMEWORK_HEADER = YES;
				CLANG_WARN_RANGE_LOOP_ANALYSIS = YES;
				CLANG_WARN_STRICT_PROTOTYPES = YES;
				CLANG_WARN_SUSPICIOUS_MOVE = YES;
				CLANG_WARN_UNGUARDED_AVAILABILITY = YES_AGGRESSIVE;
				CLANG_WARN_UNREACHABLE_CODE = YES;
				CLANG_WARN__DUPLICATE_METHOD_MATCH = YES;
				COPY_PHASE_STRIP = NO;
				DEBUG_INFORMATION_FORMAT = dwarf;
				ENABLE_STRICT_OBJC_MSGSEND = YES;
				ENABLE_TESTABILITY = YES;
				ENABLE_USER_SCRIPT_SANDBOXING = YES;
				GCC_C_LANGUAGE_STANDARD = gnu17;
				GCC_DYNAMIC_NO_PIC = NO;
				GCC_NO_COMMON_BLOCKS = YES;
				GCC_OPTIMIZATION_LEVEL = 0;
				GCC_PREPROCESSOR_DEFINITIONS = (
					"DEBUG=1",
					"$(inherited)",
				);
				GCC_WARN_64_TO_32_BIT_CONVERSION = YES;
				GCC_WARN_ABOUT_RETURN_TYPE = YES_ERROR;
				GCC_WARN_UNDECLARED_SELECTOR = YES;
				GCC_WARN_UNINITIALIZED_AUTOS = YES_AGGRESSIVE;
				GCC_WARN_UNUSED_FUNCTION = YES;
				GCC_WARN_UNUSED_VARIABLE = YES;
				IPHONEOS_DEPLOYMENT_TARGET = 17.0;
				LOCALIZATION_PREFERS_STRING_CATALOGS = YES;
				MTL_ENABLE_DEBUG_INFO = INCLUDE_SOURCE;
				MTL_FAST_MATH = YES;
				ONLY_ACTIVE_ARCH = YES;
				SDKROOT = iphoneos;
				SWIFT_ACTIVE_COMPILATION_CONDITIONS = "DEBUG $(inherited)";
				SWIFT_OPTIMIZATION_LEVEL = "-Onone";
			};
			name = Debug;
		};
		9BF068D92B7E5BC8006989A9 /* Release */ = {
			isa = XCBuildConfiguration;
			buildSettings = {
				ALWAYS_SEARCH_USER_PATHS = NO;
				ASSETCATALOG_COMPILER_GENERATE_SWIFT_ASSET_SYMBOL_EXTENSIONS = YES;
				CLANG_ANALYZER_NONNULL = YES;
				CLANG_ANALYZER_NUMBER_OBJECT_CONVERSION = YES_AGGRESSIVE;
				CLANG_CXX_LANGUAGE_STANDARD = "gnu++20";
				CLANG_ENABLE_MODULES = YES;
				CLANG_ENABLE_OBJC_ARC = YES;
				CLANG_ENABLE_OBJC_WEAK = YES;
				CLANG_WARN_BLOCK_CAPTURE_AUTORELEASING = YES;
				CLANG_WARN_BOOL_CONVERSION = YES;
				CLANG_WARN_COMMA = YES;
				CLANG_WARN_CONSTANT_CONVERSION = YES;
				CLANG_WARN_DEPRECATED_OBJC_IMPLEMENTATIONS = YES;
				CLANG_WARN_DIRECT_OBJC_ISA_USAGE = YES_ERROR;
				CLANG_WARN_DOCUMENTATION_COMMENTS = YES;
				CLANG_WARN_EMPTY_BODY = YES;
				CLANG_WARN_ENUM_CONVERSION = YES;
				CLANG_WARN_INFINITE_RECURSION = YES;
				CLANG_WARN_INT_CONVERSION = YES;
				CLANG_WARN_NON_LITERAL_NULL_CONVERSION = YES;
				CLANG_WARN_OBJC_IMPLICIT_RETAIN_SELF = YES;
				CLANG_WARN_OBJC_LITERAL_CONVERSION = YES;
				CLANG_WARN_OBJC_ROOT_CLASS = YES_ERROR;
				CLANG_WARN_QUOTED_INCLUDE_IN_FRAMEWORK_HEADER = YES;
				CLANG_WARN_RANGE_LOOP_ANALYSIS = YES;
				CLANG_WARN_STRICT_PROTOTYPES = YES;
				CLANG_WARN_SUSPICIOUS_MOVE = YES;
				CLANG_WARN_UNGUARDED_AVAILABILITY = YES_AGGRESSIVE;
				CLANG_WARN_UNREACHABLE_CODE = YES;
				CLANG_WARN__DUPLICATE_METHOD_MATCH = YES;
				COPY_PHASE_STRIP = NO;
				DEBUG_INFORMATION_FORMAT = "dwarf-with-dsym";
				ENABLE_NS_ASSERTIONS = NO;
				ENABLE_STRICT_OBJC_MSGSEND = YES;
				ENABLE_USER_SCRIPT_SANDBOXING = YES;
				GCC_C_LANGUAGE_STANDARD = gnu17;
				GCC_NO_COMMON_BLOCKS = YES;
				GCC_WARN_64_TO_32_BIT_CONVERSION = YES;
				GCC_WARN_ABOUT_RETURN_TYPE = YES_ERROR;
				GCC_WARN_UNDECLARED_SELECTOR = YES;
				GCC_WARN_UNINITIALIZED_AUTOS = YES_AGGRESSIVE;
				GCC_WARN_UNUSED_FUNCTION = YES;
				GCC_WARN_UNUSED_VARIABLE = YES;
				IPHONEOS_DEPLOYMENT_TARGET = 17.0;
				LOCALIZATION_PREFERS_STRING_CATALOGS = YES;
				MTL_ENABLE_DEBUG_INFO = NO;
				MTL_FAST_MATH = YES;
				SDKROOT = iphoneos;
				SWIFT_COMPILATION_MODE = wholemodule;
				VALIDATE_PRODUCT = YES;
			};
			name = Release;
		};
		9BF068DB2B7E5BC8006989A9 /* Debug */ = {
			isa = XCBuildConfiguration;
			buildSettings = {
				ASSETCATALOG_COMPILER_APPICON_NAME = AppIcon;
				ASSETCATALOG_COMPILER_GLOBAL_ACCENT_COLOR_NAME = AccentColor;
				CODE_SIGN_STYLE = Automatic;
				CURRENT_PROJECT_VERSION = 1;
				DEVELOPMENT_ASSET_PATHS = "\"SimpleFeed/Helpers/Preview Content\"";
				DEVELOPMENT_TEAM = 4WTNTYVFXP;
				ENABLE_PREVIEWS = YES;
				GENERATE_INFOPLIST_FILE = YES;
				INFOPLIST_KEY_UIApplicationSceneManifest_Generation = YES;
				INFOPLIST_KEY_UIApplicationSupportsIndirectInputEvents = YES;
				INFOPLIST_KEY_UILaunchScreen_Generation = YES;
				INFOPLIST_KEY_UISupportedInterfaceOrientations_iPad = "UIInterfaceOrientationPortrait UIInterfaceOrientationPortraitUpsideDown UIInterfaceOrientationLandscapeLeft UIInterfaceOrientationLandscapeRight";
				INFOPLIST_KEY_UISupportedInterfaceOrientations_iPhone = "UIInterfaceOrientationPortrait UIInterfaceOrientationLandscapeLeft UIInterfaceOrientationLandscapeRight";
				LD_RUNPATH_SEARCH_PATHS = (
					"$(inherited)",
					"@executable_path/Frameworks",
				);
				MARKETING_VERSION = 1.0;
				PRODUCT_BUNDLE_IDENTIFIER = ortu.caio.SimpleFeed;
				PRODUCT_NAME = "$(TARGET_NAME)";
				SWIFT_EMIT_LOC_STRINGS = YES;
				SWIFT_VERSION = 5.0;
				TARGETED_DEVICE_FAMILY = "1,2";
			};
			name = Debug;
		};
		9BF068DC2B7E5BC8006989A9 /* Release */ = {
			isa = XCBuildConfiguration;
			buildSettings = {
				ASSETCATALOG_COMPILER_APPICON_NAME = AppIcon;
				ASSETCATALOG_COMPILER_GLOBAL_ACCENT_COLOR_NAME = AccentColor;
				CODE_SIGN_STYLE = Automatic;
				CURRENT_PROJECT_VERSION = 1;
				DEVELOPMENT_ASSET_PATHS = "\"SimpleFeed/Helpers/Preview Content\"";
				DEVELOPMENT_TEAM = 4WTNTYVFXP;
				ENABLE_PREVIEWS = YES;
				GENERATE_INFOPLIST_FILE = YES;
				INFOPLIST_KEY_UIApplicationSceneManifest_Generation = YES;
				INFOPLIST_KEY_UIApplicationSupportsIndirectInputEvents = YES;
				INFOPLIST_KEY_UILaunchScreen_Generation = YES;
				INFOPLIST_KEY_UISupportedInterfaceOrientations_iPad = "UIInterfaceOrientationPortrait UIInterfaceOrientationPortraitUpsideDown UIInterfaceOrientationLandscapeLeft UIInterfaceOrientationLandscapeRight";
				INFOPLIST_KEY_UISupportedInterfaceOrientations_iPhone = "UIInterfaceOrientationPortrait UIInterfaceOrientationLandscapeLeft UIInterfaceOrientationLandscapeRight";
				LD_RUNPATH_SEARCH_PATHS = (
					"$(inherited)",
					"@executable_path/Frameworks",
				);
				MARKETING_VERSION = 1.0;
				PRODUCT_BUNDLE_IDENTIFIER = ortu.caio.SimpleFeed;
				PRODUCT_NAME = "$(TARGET_NAME)";
				SWIFT_EMIT_LOC_STRINGS = YES;
				SWIFT_VERSION = 5.0;
				TARGETED_DEVICE_FAMILY = "1,2";
			};
			name = Release;
		};
/* End XCBuildConfiguration section */

/* Begin XCConfigurationList section */
		9BF068C72B7E5BC6006989A9 /* Build configuration list for PBXProject "SimpleFeed" */ = {
			isa = XCConfigurationList;
			buildConfigurations = (
				9BF068D82B7E5BC8006989A9 /* Debug */,
				9BF068D92B7E5BC8006989A9 /* Release */,
			);
			defaultConfigurationIsVisible = 0;
			defaultConfigurationName = Release;
		};
		9BF068DA2B7E5BC8006989A9 /* Build configuration list for PBXNativeTarget "SimpleFeed" */ = {
			isa = XCConfigurationList;
			buildConfigurations = (
				9BF068DB2B7E5BC8006989A9 /* Debug */,
				9BF068DC2B7E5BC8006989A9 /* Release */,
			);
			defaultConfigurationIsVisible = 0;
			defaultConfigurationName = Release;
		};
/* End XCConfigurationList section */
	};
	rootObject = 9BF068C42B7E5BC6006989A9 /* Project object */;
}
